
Microsoft Visual Studio Solution File, Format Version 12.00
# Visual Studio Version 17
VisualStudioVersion = 17.9.34616.47
MinimumVisualStudioVersion = 10.0.40219.1
Project("{2150E333-8FDC-42A3-9474-1A3956D46DE8}") = "Core", "Core", "{E6089D04-21CA-45D2-8EFC-AAD0EA43A85F}"
EndProject
Project("{2150E333-8FDC-42A3-9474-1A3956D46DE8}") = "Infrastructure", "Infrastructure", "{1B9F27A3-677B-43A3-B607-4EE2B2251550}"
EndProject
Project("{2150E333-8FDC-42A3-9474-1A3956D46DE8}") = "Web", "Web", "{F28028FC-CDC0-411D-A394-27E64F4B8DBA}"
EndProject
Project("{9A19103F-16F7-4668-BE54-9A1E7A4F7556}") = "TaskManager.Domain", "TaskManager.Domain\TaskManager.Domain.csproj", "{B8E4F232-616C-43CD-8F4B-DC2FBE3A6055}"
EndProject
Project("{9A19103F-16F7-4668-BE54-9A1E7A4F7556}") = "TaskManager.Application", "TaskManager.Application\TaskManager.Application.csproj", "{8FD86BC4-1B1D-471F-960B-D2F811BA5FF0}"
EndProject
Project("{9A19103F-16F7-4668-BE54-9A1E7A4F7556}") = "TaskManager.WebApi", "TaskManager.WebApi\TaskManager.WebApi.csproj", "{7479D79F-8162-477E-971E-4BDD4F6FF1AC}"
EndProject
Project("{9A19103F-16F7-4668-BE54-9A1E7A4F7556}") = "TaskManager.Persistence", "TaskManager.Persistence\TaskManager.Persistence.csproj", "{F9CC751F-3D14-4AD8-AED5-9BB0E7BF2EB4}"
EndProject
Global
	GlobalSection(SolutionConfigurationPlatforms) = preSolution
		Debug|Any CPU = Debug|Any CPU
		Release|Any CPU = Release|Any CPU
	EndGlobalSection
	GlobalSection(ProjectConfigurationPlatforms) = postSolution
		{B8E4F232-616C-43CD-8F4B-DC2FBE3A6055}.Debug|Any CPU.ActiveCfg = Debug|Any CPU
		{B8E4F232-616C-43CD-8F4B-DC2FBE3A6055}.Debug|Any CPU.Build.0 = Debug|Any CPU
		{B8E4F232-616C-43CD-8F4B-DC2FBE3A6055}.Release|Any CPU.ActiveCfg = Release|Any CPU
		{B8E4F232-616C-43CD-8F4B-DC2FBE3A6055}.Release|Any CPU.Build.0 = Release|Any CPU
		{8FD86BC4-1B1D-471F-960B-D2F811BA5FF0}.Debug|Any CPU.ActiveCfg = Debug|Any CPU
		{8FD86BC4-1B1D-471F-960B-D2F811BA5FF0}.Debug|Any CPU.Build.0 = Debug|Any CPU
		{8FD86BC4-1B1D-471F-960B-D2F811BA5FF0}.Release|Any CPU.ActiveCfg = Release|Any CPU
		{8FD86BC4-1B1D-471F-960B-D2F811BA5FF0}.Release|Any CPU.Build.0 = Release|Any CPU
		{7479D79F-8162-477E-971E-4BDD4F6FF1AC}.Debug|Any CPU.ActiveCfg = Debug|Any CPU
		{7479D79F-8162-477E-971E-4BDD4F6FF1AC}.Debug|Any CPU.Build.0 = Debug|Any CPU
		{7479D79F-8162-477E-971E-4BDD4F6FF1AC}.Release|Any CPU.ActiveCfg = Release|Any CPU
		{7479D79F-8162-477E-971E-4BDD4F6FF1AC}.Release|Any CPU.Build.0 = Release|Any CPU
		{F9CC751F-3D14-4AD8-AED5-9BB0E7BF2EB4}.Debug|Any CPU.ActiveCfg = Debug|Any CPU
		{F9CC751F-3D14-4AD8-AED5-9BB0E7BF2EB4}.Debug|Any CPU.Build.0 = Debug|Any CPU
		{F9CC751F-3D14-4AD8-AED5-9BB0E7BF2EB4}.Release|Any CPU.ActiveCfg = Release|Any CPU
		{F9CC751F-3D14-4AD8-AED5-9BB0E7BF2EB4}.Release|Any CPU.Build.0 = Release|Any CPU
	EndGlobalSection
	GlobalSection(SolutionProperties) = preSolution
		HideSolutionNode = FALSE
	EndGlobalSection
	GlobalSection(NestedProjects) = preSolution
		{B8E4F232-616C-43CD-8F4B-DC2FBE3A6055} = {E6089D04-21CA-45D2-8EFC-AAD0EA43A85F}
		{8FD86BC4-1B1D-471F-960B-D2F811BA5FF0} = {E6089D04-21CA-45D2-8EFC-AAD0EA43A85F}
		{7479D79F-8162-477E-971E-4BDD4F6FF1AC} = {F28028FC-CDC0-411D-A394-27E64F4B8DBA}
		{F9CC751F-3D14-4AD8-AED5-9BB0E7BF2EB4} = {1B9F27A3-677B-43A3-B607-4EE2B2251550}
	EndGlobalSection
	GlobalSection(ExtensibilityGlobals) = postSolution
		SolutionGuid = {9FF1A281-6373-4364-AFB0-C15C73DB10C5}
	EndGlobalSection
EndGlobal
